{
  "name": "lsp-advpl",
  "version": "0.0.1",
  "lockfileVersion": 1,
  "requires": true,
  "dependencies": {
    "@types/node": {
      "version": "10.3.2",
      "resolved": "https://registry.npmjs.org/@types/node/-/node-10.3.2.tgz",
      "integrity": "sha512-9NfEUDp3tgRhmoxzTpTo+lq+KIVFxZahuRX0LHF/9IzKHaWuoWsIrrJ61zw5cnnlGINX8lqJzXYfQTOICS5Q+A==",
      "dev": true
    },
    "antlr4ts": {
      "version": "0.4.0-burt.2",
      "resolved": "https://registry.npmjs.org/antlr4ts/-/antlr4ts-0.4.0-burt.2.tgz",
      "integrity": "sha1-scW9CkqmVrnp6vbJZs60WaPiTMY="
    },
    "antlr4ts-cli": {
      "version": "0.4.0-alpha.4",
      "resolved": "https://registry.npmjs.org/antlr4ts-cli/-/antlr4ts-cli-0.4.0-alpha.4.tgz",
      "integrity": "sha1-q0MHNoewNPaiWx9GpYG/ecbCjdc=",
      "dev": true
    },
    "vscode-jsonrpc": {
      "version": "3.6.2",
      "resolved": "https://registry.npmjs.org/vscode-jsonrpc/-/vscode-jsonrpc-3.6.2.tgz",
      "integrity": "sha512-T24Jb5V48e4VgYliUXMnZ379ItbrXgOimweKaJshD84z+8q7ZOZjJan0MeDe+Ugb+uqERDVV8SBmemaGMSMugA=="
    },
    "vscode-languageserver": {
      "version": "4.2.1",
      "resolved": "https://registry.npmjs.org/vscode-languageserver/-/vscode-languageserver-4.2.1.tgz",
      "integrity": "sha512-5WAxaK1nEpe52ZaWNMqmd6rO5CIE72J/7UkGKPUTdGa0l0haWHS69tpRz+LetBlgTpP7PYacl4xhDaLZv82a+g==",
      "requires": {
        "vscode-languageserver-protocol": "3.8.1",
        "vscode-uri": "1.0.5"
      }
    },
    "vscode-languageserver-protocol": {
      "version": "3.8.1",
      "resolved": "https://registry.npmjs.org/vscode-languageserver-protocol/-/vscode-languageserver-protocol-3.8.1.tgz",
      "integrity": "sha512-KdeetvQ2JavRiuE9afNrV5+xJZocj7NGPQwH4kpSFw5cp+0wijv87qgXfSEvmwPUaknhMBoSuSrSIG/LRrzWJQ==",
      "requires": {
        "vscode-jsonrpc": "3.6.2",
        "vscode-languageserver-types": "3.8.1"
      }
    },
    "vscode-languageserver-types": {
      "version": "3.8.1",
      "resolved": "https://registry.npmjs.org/vscode-languageserver-types/-/vscode-languageserver-types-3.8.1.tgz",
      "integrity": "sha512-O8IBrxSBp2AJALIZBwT2Gd6gX67MMtwCwnfzT9T3QynE+dqikoj7x3kOb3fdIjd9hIoAB2yc38XcJJDw8H1cpw=="
    },
    "vscode-uri": {
      "version": "1.0.5",
      "resolved": "https://registry.npmjs.org/vscode-uri/-/vscode-uri-1.0.5.tgz",
      "integrity": "sha1-O4majvccN/MFTXm9vdoxx7828g0="
    }
  }
}
